
Microsoft Visual Studio Solution File, Format Version 10.00
# Visual C++ Express 2008
Project("{8BC9CEB8-8B4A-11D0-8D11-00A0C91BC942}") = "Reversi_Chess_AI_DOS", "Reversi_Chess_AI_DOS\Reversi_Chess_AI_DOS.vcproj", "{218684C2-3CC7-4233-8825-9997DCDDE521}"
EndProject
Global
	GlobalSection(SolutionConfigurationPlatforms) = preSolution
		Debug|Win32 = Debug|Win32
		Release|Win32 = Release|Win32
	EndGlobalSection
	GlobalSection(ProjectConfigurationPlatforms) = postSolution
		{218684C2-3CC7-4233-8825-9997DCDDE521}.Debug|Win32.ActiveCfg = Debug|Win32
		{218684C2-3CC7-4233-8825-9997DCDDE521}.Debug|Win32.Build.0 = Debug|Win32
		{218684C2-3CC7-4233-8825-9997DCDDE521}.Release|Win32.ActiveCfg = Release|Win32
		{218684C2-3CC7-4233-8825-9997DCDDE521}.Release|Win32.Build.0 = Release|Win32
	EndGlobalSection
	GlobalSection(SolutionProperties) = preSolution
		HideSolutionNode = FALSE
	EndGlobalSection
EndGlobal
