
Microsoft Visual Studio Solution File, Format Version 10.00
# Visual C++ Express 2008
Project("{8BC9CEB8-8B4A-11D0-8D11-00A0C91BC942}") = "ChessAI_Mini", "ChessAI_Mini\ChessAI_Mini.vcproj", "{CF9D5459-D3C2-43E3-A656-717404F027B9}"
EndProject
Global
	GlobalSection(SolutionConfigurationPlatforms) = preSolution
		Debug|Win32 = Debug|Win32
		Release|Win32 = Release|Win32
	EndGlobalSection
	GlobalSection(ProjectConfigurationPlatforms) = postSolution
		{CF9D5459-D3C2-43E3-A656-717404F027B9}.Debug|Win32.ActiveCfg = Debug|Win32
		{CF9D5459-D3C2-43E3-A656-717404F027B9}.Debug|Win32.Build.0 = Debug|Win32
		{CF9D5459-D3C2-43E3-A656-717404F027B9}.Release|Win32.ActiveCfg = Release|Win32
		{CF9D5459-D3C2-43E3-A656-717404F027B9}.Release|Win32.Build.0 = Release|Win32
	EndGlobalSection
	GlobalSection(SolutionProperties) = preSolution
		HideSolutionNode = FALSE
	EndGlobalSection
EndGlobal
